{
  "version": 4,
  "terraform_version": "1.10.4",
  "serial": 9,
  "lineage": "fbaad5e3-0a5c-eebe-8914-62b904352db2",
  "outputs": {},
  "resources": [
    {
      "mode": "managed",
      "type": "local_file",
      "name": "test",
      "provider": "provider[\"registry.terraform.io/hashicorp/local\"]",
      "instances": [
        {
          "schema_version": 0,
          "attributes": {
            "content": "This is to test",
            "content_base64": null,
            "content_base64sha256": "AEsoH+ejewWHHFs7DqQ7SabLNS4bK+qV0ZyKSrkakhg=",
            "content_base64sha512": "d2hPYmfBAz+LBGQL+I+WUmPpWS7w/8CQ1ctuQ9f9UNEdcRH+ArPYt5DdWBVzSGBTSDxSUVtJfBu7uGJx1yqy3A==",
            "content_md5": "f0ea96b2d76057d15b8af908de69f0a2",
            "content_sha1": "d8bf698b88d57ebfeb0df5e4dca0a47611cf199a",
            "content_sha256": "004b281fe7a37b05871c5b3b0ea43b49a6cb352e1b2bea95d19c8a4ab91a9218",
            "content_sha512": "77684f6267c1033f8b04640bf88f965263e9592ef0ffc090d5cb6e43d7fd50d11d7111fe02b3d8b790dd581573486053483c52515b497c1bbbb86271d72ab2dc",
            "directory_permission": "0777",
            "file_permission": "0700",
            "filename": "test.txt",
            "id": "d8bf698b88d57ebfeb0df5e4dca0a47611cf199a",
            "sensitive_content": null,
            "source": null
          },
          "sensitive_attributes": [
            [
              {
                "type": "get_attr",
                "value": "sensitive_content"
              }
            ]
          ]
        }
      ]
    },
    {
      "mode": "managed",
      "type": "local_sensitive_file",
      "name": "games",
      "provider": "provider[\"registry.terraform.io/hashicorp/local\"]",
      "instances": [
        {
          "schema_version": 0,
          "attributes": {
            "content": "FIFA 21",
            "content_base64": null,
            "content_base64sha256": "0QatlfVl9H412mXNB5/Y9evwrDIxEW4ooJpmph2eoUY=",
            "content_base64sha512": "F0zLI9RS+tFB53xwISp1R3wvRQ/Sw4hsxwysWamsAk/cNyHr/X/pmmykTTCuvkRvr+3y+5c7Sc/J/ObRRX1mIg==",
            "content_md5": "44a271e06ddd134cdbeab299288422f3",
            "content_sha1": "f68b901eb16aff12e9458bdb656a7df8d3425d4c",
            "content_sha256": "d106ad95f565f47e35da65cd079fd8f5ebf0ac3231116e28a09a66a61d9ea146",
            "content_sha512": "174ccb23d452fad141e77c70212a75477c2f450fd2c3886cc70cac59a9ac024fdc3721ebfd7fe99a6ca44d30aebe446fafedf2fb973b49cfc9fce6d1457d6622",
            "directory_permission": "0700",
            "file_permission": "0700",
            "filename": "favorite-games",
            "id": "f68b901eb16aff12e9458bdb656a7df8d3425d4c",
            "source": null
          },
          "sensitive_attributes": [
            [
              {
                "type": "get_attr",
                "value": "content"
              }
            ],
            [
              {
                "type": "get_attr",
                "value": "content_base64"
              }
            ]
          ]
        }
      ]
    }
  ],
  "check_results": null
}
