{
  "version": 4,
  "terraform_version": "1.10.4",
  "serial": 4,
  "lineage": "fbaad5e3-0a5c-eebe-8914-62b904352db2",
  "outputs": {},
  "resources": [
    {
      "mode": "managed",
      "type": "local_file",
      "name": "test",
      "provider": "provider[\"registry.terraform.io/hashicorp/local\"]",
      "instances": [
        {
          "schema_version": 0,
          "attributes": {
            "content": "This is to test",
            "content_base64": null,
            "content_base64sha256": "AEsoH+ejewWHHFs7DqQ7SabLNS4bK+qV0ZyKSrkakhg=",
            "content_base64sha512": "d2hPYmfBAz+LBGQL+I+WUmPpWS7w/8CQ1ctuQ9f9UNEdcRH+ArPYt5DdWBVzSGBTSDxSUVtJfBu7uGJx1yqy3A==",
            "content_md5": "f0ea96b2d76057d15b8af908de69f0a2",
            "content_sha1": "d8bf698b88d57ebfeb0df5e4dca0a47611cf199a",
            "content_sha256": "004b281fe7a37b05871c5b3b0ea43b49a6cb352e1b2bea95d19c8a4ab91a9218",
            "content_sha512": "77684f6267c1033f8b04640bf88f965263e9592ef0ffc090d5cb6e43d7fd50d11d7111fe02b3d8b790dd581573486053483c52515b497c1bbbb86271d72ab2dc",
            "directory_permission": "0777",
            "file_permission": "0700",
            "filename": "test.txt",
            "id": "d8bf698b88d57ebfeb0df5e4dca0a47611cf199a",
            "sensitive_content": null,
            "source": null
          },
          "sensitive_attributes": [
            [
              {
                "type": "get_attr",
                "value": "sensitive_content"
              }
            ]
          ]
        }
      ]
    }
  ],
  "check_results": null
}
